
Microsoft Visual Studio Solution File, Format Version 12.00
Project("{FAE04EC0-301F-11D3-BF4B-00C04F79EFBC}") = "DonateSVO.Application", "DonateSVO.Application\DonateSVO.Application.csproj", "{0B377BB8-4F67-4CBE-8F78-3B0FC6DAFB61}"
EndProject
Project("{FAE04EC0-301F-11D3-BF4B-00C04F79EFBC}") = "DonateSVO.Core", "DonateSVO.Core\DonateSVO.Core.csproj", "{38558141-F8B7-4437-B398-7999D19175C4}"
EndProject
Project("{FAE04EC0-301F-11D3-BF4B-00C04F79EFBC}") = "DonateSVO.DataAccess", "DonateSVO.DataAccess\DonateSVO.DataAccess.csproj", "{F32ECE43-7532-4971-AC85-83CAA28034C9}"
EndProject
Project("{FAE04EC0-301F-11D3-BF4B-00C04F79EFBC}") = "DonateSVO.API", "DonateSVO.API\DonateSVO.API.csproj", "{E83A1A67-2DB2-4A4D-B163-D0A1A955AD9E}"
EndProject
Project("{FAE04EC0-301F-11D3-BF4B-00C04F79EFBC}") = "DonateSVO.Infrastructure", "DonateSVO.Infrastructure\DonateSVO.Infrastructure.csproj", "{D44C0638-1565-458B-B381-7EBF81C2800C}"
EndProject
Global
	GlobalSection(SolutionConfigurationPlatforms) = preSolution
		Debug|Any CPU = Debug|Any CPU
		Release|Any CPU = Release|Any CPU
	EndGlobalSection
	GlobalSection(ProjectConfigurationPlatforms) = postSolution
		{0B377BB8-4F67-4CBE-8F78-3B0FC6DAFB61}.Debug|Any CPU.ActiveCfg = Debug|Any CPU
		{0B377BB8-4F67-4CBE-8F78-3B0FC6DAFB61}.Debug|Any CPU.Build.0 = Debug|Any CPU
		{0B377BB8-4F67-4CBE-8F78-3B0FC6DAFB61}.Release|Any CPU.ActiveCfg = Release|Any CPU
		{0B377BB8-4F67-4CBE-8F78-3B0FC6DAFB61}.Release|Any CPU.Build.0 = Release|Any CPU
		{38558141-F8B7-4437-B398-7999D19175C4}.Debug|Any CPU.ActiveCfg = Debug|Any CPU
		{38558141-F8B7-4437-B398-7999D19175C4}.Debug|Any CPU.Build.0 = Debug|Any CPU
		{38558141-F8B7-4437-B398-7999D19175C4}.Release|Any CPU.ActiveCfg = Release|Any CPU
		{38558141-F8B7-4437-B398-7999D19175C4}.Release|Any CPU.Build.0 = Release|Any CPU
		{F32ECE43-7532-4971-AC85-83CAA28034C9}.Debug|Any CPU.ActiveCfg = Debug|Any CPU
		{F32ECE43-7532-4971-AC85-83CAA28034C9}.Debug|Any CPU.Build.0 = Debug|Any CPU
		{F32ECE43-7532-4971-AC85-83CAA28034C9}.Release|Any CPU.ActiveCfg = Release|Any CPU
		{F32ECE43-7532-4971-AC85-83CAA28034C9}.Release|Any CPU.Build.0 = Release|Any CPU
		{E83A1A67-2DB2-4A4D-B163-D0A1A955AD9E}.Debug|Any CPU.ActiveCfg = Debug|Any CPU
		{E83A1A67-2DB2-4A4D-B163-D0A1A955AD9E}.Debug|Any CPU.Build.0 = Debug|Any CPU
		{E83A1A67-2DB2-4A4D-B163-D0A1A955AD9E}.Release|Any CPU.ActiveCfg = Release|Any CPU
		{E83A1A67-2DB2-4A4D-B163-D0A1A955AD9E}.Release|Any CPU.Build.0 = Release|Any CPU
		{D44C0638-1565-458B-B381-7EBF81C2800C}.Debug|Any CPU.ActiveCfg = Debug|Any CPU
		{D44C0638-1565-458B-B381-7EBF81C2800C}.Debug|Any CPU.Build.0 = Debug|Any CPU
		{D44C0638-1565-458B-B381-7EBF81C2800C}.Release|Any CPU.ActiveCfg = Release|Any CPU
		{D44C0638-1565-458B-B381-7EBF81C2800C}.Release|Any CPU.Build.0 = Release|Any CPU
	EndGlobalSection
EndGlobal
